
Microsoft Visual Studio Solution File, Format Version 12.00
# Visual Studio 14
VisualStudioVersion = 14.0.25420.1
MinimumVisualStudioVersion = 10.0.40219.1
Project("{FAE04EC0-301F-11D3-BF4B-00C04F79EFBC}") = "0-100", "0-100\0-100.csproj", "{D7F19084-6002-4E52-9E1B-3F797ED5330C}"
EndProject
Project("{FAE04EC0-301F-11D3-BF4B-00C04F79EFBC}") = "0-1000 7", "0-1000 7\0-1000 7.csproj", "{49F28996-FB8E-47D3-9648-D3413454E687}"
EndProject
Project("{FAE04EC0-301F-11D3-BF4B-00C04F79EFBC}") = "LatinLetters", "LatinLetters\LatinLetters.csproj", "{E353F161-1DD2-4F8E-A784-C9AF9D2B8BC8}"
EndProject
Project("{FAE04EC0-301F-11D3-BF4B-00C04F79EFBC}") = "Sum", "Sum\Sum.csproj", "{71701B5B-2819-4408-83D5-453936117BA0}"
EndProject
Global
	GlobalSection(SolutionConfigurationPlatforms) = preSolution
		Debug|Any CPU = Debug|Any CPU
		Release|Any CPU = Release|Any CPU
	EndGlobalSection
	GlobalSection(ProjectConfigurationPlatforms) = postSolution
		{D7F19084-6002-4E52-9E1B-3F797ED5330C}.Debug|Any CPU.ActiveCfg = Debug|Any CPU
		{D7F19084-6002-4E52-9E1B-3F797ED5330C}.Debug|Any CPU.Build.0 = Debug|Any CPU
		{D7F19084-6002-4E52-9E1B-3F797ED5330C}.Release|Any CPU.ActiveCfg = Release|Any CPU
		{D7F19084-6002-4E52-9E1B-3F797ED5330C}.Release|Any CPU.Build.0 = Release|Any CPU
		{49F28996-FB8E-47D3-9648-D3413454E687}.Debug|Any CPU.ActiveCfg = Debug|Any CPU
		{49F28996-FB8E-47D3-9648-D3413454E687}.Debug|Any CPU.Build.0 = Debug|Any CPU
		{49F28996-FB8E-47D3-9648-D3413454E687}.Release|Any CPU.ActiveCfg = Release|Any CPU
		{49F28996-FB8E-47D3-9648-D3413454E687}.Release|Any CPU.Build.0 = Release|Any CPU
		{E353F161-1DD2-4F8E-A784-C9AF9D2B8BC8}.Debug|Any CPU.ActiveCfg = Debug|Any CPU
		{E353F161-1DD2-4F8E-A784-C9AF9D2B8BC8}.Debug|Any CPU.Build.0 = Debug|Any CPU
		{E353F161-1DD2-4F8E-A784-C9AF9D2B8BC8}.Release|Any CPU.ActiveCfg = Release|Any CPU
		{E353F161-1DD2-4F8E-A784-C9AF9D2B8BC8}.Release|Any CPU.Build.0 = Release|Any CPU
		{71701B5B-2819-4408-83D5-453936117BA0}.Debug|Any CPU.ActiveCfg = Debug|Any CPU
		{71701B5B-2819-4408-83D5-453936117BA0}.Debug|Any CPU.Build.0 = Debug|Any CPU
		{71701B5B-2819-4408-83D5-453936117BA0}.Release|Any CPU.ActiveCfg = Release|Any CPU
		{71701B5B-2819-4408-83D5-453936117BA0}.Release|Any CPU.Build.0 = Release|Any CPU
	EndGlobalSection
	GlobalSection(SolutionProperties) = preSolution
		HideSolutionNode = FALSE
	EndGlobalSection
EndGlobal
